
Microsoft Visual Studio Solution File, Format Version 12.00
# Visual Studio Version 17
VisualStudioVersion = 17.8.34309.116
MinimumVisualStudioVersion = 10.0.40219.1
Project("{FAE04EC0-301F-11D3-BF4B-00C04F79EFBC}") = "my-signalr-chathub_backend", "my-signalr-chathub_backend\my-signalr-chathub_backend.csproj", "{6C02D753-81DC-41AB-ABF6-F52DC526A292}"
EndProject
Global
	GlobalSection(SolutionConfigurationPlatforms) = preSolution
		Debug|Any CPU = Debug|Any CPU
		Release|Any CPU = Release|Any CPU
	EndGlobalSection
	GlobalSection(ProjectConfigurationPlatforms) = postSolution
		{6C02D753-81DC-41AB-ABF6-F52DC526A292}.Debug|Any CPU.ActiveCfg = Debug|Any CPU
		{6C02D753-81DC-41AB-ABF6-F52DC526A292}.Debug|Any CPU.Build.0 = Debug|Any CPU
		{6C02D753-81DC-41AB-ABF6-F52DC526A292}.Release|Any CPU.ActiveCfg = Release|Any CPU
		{6C02D753-81DC-41AB-ABF6-F52DC526A292}.Release|Any CPU.Build.0 = Release|Any CPU
	EndGlobalSection
	GlobalSection(SolutionProperties) = preSolution
		HideSolutionNode = FALSE
	EndGlobalSection
	GlobalSection(ExtensibilityGlobals) = postSolution
		SolutionGuid = {93A5EF9C-4867-4F82-BE0B-8DC265FE262B}
	EndGlobalSection
EndGlobal
